
Microsoft Visual Studio Solution File, Format Version 12.00
# Visual Studio 15
VisualStudioVersion = 15.0.28307.271
MinimumVisualStudioVersion = 10.0.40219.1
Project("{FAE04EC0-301F-11D3-BF4B-00C04F79EFBC}") = "Database", "Database\Database.csproj", "{FCCEE0C8-1644-47C8-A90B-E332B7C4A1B8}"
EndProject
Project("{FAE04EC0-301F-11D3-BF4B-00C04F79EFBC}") = "Freelance", "Freelance\Freelance.csproj", "{B40A4EF8-B779-48DA-BF9B-7620909730DD}"
EndProject
Global
	GlobalSection(SolutionConfigurationPlatforms) = preSolution
		Debug|Any CPU = Debug|Any CPU
		Release|Any CPU = Release|Any CPU
	EndGlobalSection
	GlobalSection(ProjectConfigurationPlatforms) = postSolution
		{FCCEE0C8-1644-47C8-A90B-E332B7C4A1B8}.Debug|Any CPU.ActiveCfg = Debug|Any CPU
		{FCCEE0C8-1644-47C8-A90B-E332B7C4A1B8}.Debug|Any CPU.Build.0 = Debug|Any CPU
		{FCCEE0C8-1644-47C8-A90B-E332B7C4A1B8}.Release|Any CPU.ActiveCfg = Release|Any CPU
		{FCCEE0C8-1644-47C8-A90B-E332B7C4A1B8}.Release|Any CPU.Build.0 = Release|Any CPU
		{B40A4EF8-B779-48DA-BF9B-7620909730DD}.Debug|Any CPU.ActiveCfg = Debug|Any CPU
		{B40A4EF8-B779-48DA-BF9B-7620909730DD}.Debug|Any CPU.Build.0 = Debug|Any CPU
		{B40A4EF8-B779-48DA-BF9B-7620909730DD}.Release|Any CPU.ActiveCfg = Release|Any CPU
		{B40A4EF8-B779-48DA-BF9B-7620909730DD}.Release|Any CPU.Build.0 = Release|Any CPU
	EndGlobalSection
	GlobalSection(SolutionProperties) = preSolution
		HideSolutionNode = FALSE
	EndGlobalSection
	GlobalSection(ExtensibilityGlobals) = postSolution
		SolutionGuid = {A0A51528-0681-417C-875C-A7EC4289F64C}
	EndGlobalSection
EndGlobal
